
Microsoft Visual Studio Solution File, Format Version 12.00
# Visual Studio 15
Project("{FAE04EC0-301F-11D3-BF4B-00C04F79EFBC}") = "lipunHinta", "lipunHinta\lipunHinta.csproj", "{A74F0B38-5D39-4D1F-9978-4E80A9F1CE5F}"
EndProject
Global
	GlobalSection(SolutionConfigurationPlatforms) = preSolution
		Debug|Any CPU = Debug|Any CPU
		Release|Any CPU = Release|Any CPU
	EndGlobalSection
	GlobalSection(ProjectConfigurationPlatforms) = postSolution
		{A74F0B38-5D39-4D1F-9978-4E80A9F1CE5F}.Debug|Any CPU.ActiveCfg = Debug|Any CPU
		{A74F0B38-5D39-4D1F-9978-4E80A9F1CE5F}.Debug|Any CPU.Build.0 = Debug|Any CPU
		{A74F0B38-5D39-4D1F-9978-4E80A9F1CE5F}.Release|Any CPU.ActiveCfg = Release|Any CPU
		{A74F0B38-5D39-4D1F-9978-4E80A9F1CE5F}.Release|Any CPU.Build.0 = Release|Any CPU
	EndGlobalSection
EndGlobal
