
Microsoft Visual Studio Solution File, Format Version 12.00
# Visual Studio 15
Project("{FAE04EC0-301F-11D3-BF4B-00C04F79EFBC}") = "funktio-ja-aliohjelmat2", "funktio-ja-aliohjelmat2\funktio-ja-aliohjelmat2.csproj", "{0328B532-A4A0-419F-966E-E0C2EA521967}"
EndProject
Global
	GlobalSection(SolutionConfigurationPlatforms) = preSolution
		Debug|Any CPU = Debug|Any CPU
		Release|Any CPU = Release|Any CPU
	EndGlobalSection
	GlobalSection(ProjectConfigurationPlatforms) = postSolution
		{0328B532-A4A0-419F-966E-E0C2EA521967}.Debug|Any CPU.ActiveCfg = Debug|Any CPU
		{0328B532-A4A0-419F-966E-E0C2EA521967}.Debug|Any CPU.Build.0 = Debug|Any CPU
		{0328B532-A4A0-419F-966E-E0C2EA521967}.Release|Any CPU.ActiveCfg = Release|Any CPU
		{0328B532-A4A0-419F-966E-E0C2EA521967}.Release|Any CPU.Build.0 = Release|Any CPU
	EndGlobalSection
EndGlobal
