
Microsoft Visual Studio Solution File, Format Version 12.00
# Visual Studio 15
Project("{FAE04EC0-301F-11D3-BF4B-00C04F79EFBC}") = "IdCheck", "IdCheck\IdCheck.csproj", "{21BD3384-7B9E-4476-AA14-05859EF9B60B}"
EndProject
Global
	GlobalSection(SolutionConfigurationPlatforms) = preSolution
		Debug|anycpu = Debug|anycpu
		Release|anycpu = Release|anycpu
	EndGlobalSection
	GlobalSection(ProjectConfigurationPlatforms) = postSolution
		{21BD3384-7B9E-4476-AA14-05859EF9B60B}.Debug|anycpu.ActiveCfg = Debug|anycpu
		{21BD3384-7B9E-4476-AA14-05859EF9B60B}.Debug|anycpu.Build.0 = Debug|anycpu
		{21BD3384-7B9E-4476-AA14-05859EF9B60B}.Release|anycpu.ActiveCfg = Release|anycpu
		{21BD3384-7B9E-4476-AA14-05859EF9B60B}.Release|anycpu.Build.0 = Release|anycpu
	EndGlobalSection
EndGlobal
