
Microsoft Visual Studio Solution File, Format Version 12.00
# Visual Studio 15
Project("{FAE04EC0-301F-11D3-BF4B-00C04F79EFBC}") = "toistorakenne-jatkuu2", "toistorakenne-jatkuu2\toistorakenne-jatkuu2.csproj", "{299D8913-8043-4512-B3E6-CFA6A2661134}"
EndProject
Global
	GlobalSection(SolutionConfigurationPlatforms) = preSolution
		Debug|Any CPU = Debug|Any CPU
		Release|Any CPU = Release|Any CPU
	EndGlobalSection
	GlobalSection(ProjectConfigurationPlatforms) = postSolution
		{299D8913-8043-4512-B3E6-CFA6A2661134}.Debug|Any CPU.ActiveCfg = Debug|Any CPU
		{299D8913-8043-4512-B3E6-CFA6A2661134}.Debug|Any CPU.Build.0 = Debug|Any CPU
		{299D8913-8043-4512-B3E6-CFA6A2661134}.Release|Any CPU.ActiveCfg = Release|Any CPU
		{299D8913-8043-4512-B3E6-CFA6A2661134}.Release|Any CPU.Build.0 = Release|Any CPU
	EndGlobalSection
EndGlobal
