
Microsoft Visual Studio Solution File, Format Version 12.00
# Visual Studio 15
Project("{FAE04EC0-301F-11D3-BF4B-00C04F79EFBC}") = "toistorakenne-jatkuu6", "toistorakenne-jatkuu6\toistorakenne-jatkuu6.csproj", "{D7A1CDB7-BB5F-4505-B11D-42C418132356}"
EndProject
Global
	GlobalSection(SolutionConfigurationPlatforms) = preSolution
		Debug|Any CPU = Debug|Any CPU
		Release|Any CPU = Release|Any CPU
	EndGlobalSection
	GlobalSection(ProjectConfigurationPlatforms) = postSolution
		{D7A1CDB7-BB5F-4505-B11D-42C418132356}.Debug|Any CPU.ActiveCfg = Debug|Any CPU
		{D7A1CDB7-BB5F-4505-B11D-42C418132356}.Debug|Any CPU.Build.0 = Debug|Any CPU
		{D7A1CDB7-BB5F-4505-B11D-42C418132356}.Release|Any CPU.ActiveCfg = Release|Any CPU
		{D7A1CDB7-BB5F-4505-B11D-42C418132356}.Release|Any CPU.Build.0 = Release|Any CPU
	EndGlobalSection
EndGlobal
