
Microsoft Visual Studio Solution File, Format Version 12.00
# Visual Studio 15
Project("{FAE04EC0-301F-11D3-BF4B-00C04F79EFBC}") = "funktio-ja-aliohjelmat", "funktio-ja-aliohjelmat\funktio-ja-aliohjelmat.csproj", "{2267B440-A527-4950-B0BB-42C5C2C6FF70}"
EndProject
Global
	GlobalSection(SolutionConfigurationPlatforms) = preSolution
		Debug|Any CPU = Debug|Any CPU
		Release|Any CPU = Release|Any CPU
	EndGlobalSection
	GlobalSection(ProjectConfigurationPlatforms) = postSolution
		{2267B440-A527-4950-B0BB-42C5C2C6FF70}.Debug|Any CPU.ActiveCfg = Debug|Any CPU
		{2267B440-A527-4950-B0BB-42C5C2C6FF70}.Debug|Any CPU.Build.0 = Debug|Any CPU
		{2267B440-A527-4950-B0BB-42C5C2C6FF70}.Release|Any CPU.ActiveCfg = Release|Any CPU
		{2267B440-A527-4950-B0BB-42C5C2C6FF70}.Release|Any CPU.Build.0 = Release|Any CPU
	EndGlobalSection
EndGlobal
