
Microsoft Visual Studio Solution File, Format Version 12.00
# Visual Studio 15
Project("{FAE04EC0-301F-11D3-BF4B-00C04F79EFBC}") = "lottery", "lottery.csproj", "{5E0E10CB-D8D9-4A3C-AD0E-0E7ED9EB47B6}"
EndProject
Global
	GlobalSection(SolutionConfigurationPlatforms) = preSolution
		Debug|anycpu = Debug|anycpu
		Release|anycpu = Release|anycpu
	EndGlobalSection
	GlobalSection(ProjectConfigurationPlatforms) = postSolution
		{5E0E10CB-D8D9-4A3C-AD0E-0E7ED9EB47B6}.Debug|anycpu.ActiveCfg = Debug|anycpu
		{5E0E10CB-D8D9-4A3C-AD0E-0E7ED9EB47B6}.Debug|anycpu.Build.0 = Debug|anycpu
		{5E0E10CB-D8D9-4A3C-AD0E-0E7ED9EB47B6}.Release|anycpu.ActiveCfg = Release|anycpu
		{5E0E10CB-D8D9-4A3C-AD0E-0E7ED9EB47B6}.Release|anycpu.Build.0 = Release|anycpu
	EndGlobalSection
EndGlobal
