
Microsoft Visual Studio Solution File, Format Version 12.00
# Visual Studio 15
Project("{FAE04EC0-301F-11D3-BF4B-00C04F79EFBC}") = "kertaustehtavat", "kertaustehtavat\kertaustehtavat.csproj", "{6445094F-CF83-4AE7-9511-331352E90DFB}"
EndProject
Global
	GlobalSection(SolutionConfigurationPlatforms) = preSolution
		Debug|anycpu = Debug|anycpu
		Release|anycpu = Release|anycpu
	EndGlobalSection
	GlobalSection(ProjectConfigurationPlatforms) = postSolution
		{6445094F-CF83-4AE7-9511-331352E90DFB}.Debug|anycpu.ActiveCfg = Debug|anycpu
		{6445094F-CF83-4AE7-9511-331352E90DFB}.Debug|anycpu.Build.0 = Debug|anycpu
		{6445094F-CF83-4AE7-9511-331352E90DFB}.Release|anycpu.ActiveCfg = Release|anycpu
		{6445094F-CF83-4AE7-9511-331352E90DFB}.Release|anycpu.Build.0 = Release|anycpu
	EndGlobalSection
EndGlobal
